
Microsoft Visual Studio Solution File, Format Version 12.00
# Visual Studio Version 16
VisualStudioVersion = 16.0.31410.357
MinimumVisualStudioVersion = 10.0.40219.1
Project("{9A19103F-16F7-4668-BE54-9A1E7A4F7556}") = "TravelPort.Domain", "TravelPort.Domain\TravelPort.Domain.csproj", "{B90AAE63-5E24-4220-BDD3-D36D71800242}"
EndProject
Project("{9A19103F-16F7-4668-BE54-9A1E7A4F7556}") = "TravelPort.Infrastructure", "TravelPort.Infrastructure\TravelPort.Infrastructure.csproj", "{32062EDD-4D42-4F88-9B3B-81174F30B83D}"
EndProject
Project("{2150E333-8FDC-42A3-9474-1A3956D46DE8}") = "Core", "Core", "{87C9B5BA-EF3D-433A-A317-7C49059BFB32}"
EndProject
Project("{2150E333-8FDC-42A3-9474-1A3956D46DE8}") = "Infra", "Infra", "{A06199D4-AB39-4622-98E6-039F87CB399B}"
EndProject
Project("{2150E333-8FDC-42A3-9474-1A3956D46DE8}") = "Client", "Client", "{20410279-9073-467A-B573-DB643809A1C5}"
EndProject
Project("{9A19103F-16F7-4668-BE54-9A1E7A4F7556}") = "TravelPoint.Client", "mvc\TravelPoint.Client.csproj", "{816FF51E-5E1D-4972-9A5D-B7F51A5885ED}"
EndProject
Project("{2150E333-8FDC-42A3-9474-1A3956D46DE8}") = "Tests", "Tests", "{A77CED44-287D-4667-A79A-772F282A5E2D}"
EndProject
Project("{FAE04EC0-301F-11D3-BF4B-00C04F79EFBC}") = "InfraestructureTests", "InfraestructureTests\InfraestructureTests.csproj", "{B64619E8-11D2-4AD7-9250-F54BF83717FE}"
EndProject
Project("{FAE04EC0-301F-11D3-BF4B-00C04F79EFBC}") = "ClientTests", "ClientTests\ClientTests.csproj", "{F245151A-1749-4D61-8B3C-AA7391D04E30}"
EndProject
Global
	GlobalSection(SolutionConfigurationPlatforms) = preSolution
		Debug|Any CPU = Debug|Any CPU
		Release|Any CPU = Release|Any CPU
	EndGlobalSection
	GlobalSection(ProjectConfigurationPlatforms) = postSolution
		{B90AAE63-5E24-4220-BDD3-D36D71800242}.Debug|Any CPU.ActiveCfg = Debug|Any CPU
		{B90AAE63-5E24-4220-BDD3-D36D71800242}.Debug|Any CPU.Build.0 = Debug|Any CPU
		{B90AAE63-5E24-4220-BDD3-D36D71800242}.Release|Any CPU.ActiveCfg = Release|Any CPU
		{B90AAE63-5E24-4220-BDD3-D36D71800242}.Release|Any CPU.Build.0 = Release|Any CPU
		{32062EDD-4D42-4F88-9B3B-81174F30B83D}.Debug|Any CPU.ActiveCfg = Debug|Any CPU
		{32062EDD-4D42-4F88-9B3B-81174F30B83D}.Debug|Any CPU.Build.0 = Debug|Any CPU
		{32062EDD-4D42-4F88-9B3B-81174F30B83D}.Release|Any CPU.ActiveCfg = Release|Any CPU
		{32062EDD-4D42-4F88-9B3B-81174F30B83D}.Release|Any CPU.Build.0 = Release|Any CPU
		{816FF51E-5E1D-4972-9A5D-B7F51A5885ED}.Debug|Any CPU.ActiveCfg = Debug|Any CPU
		{816FF51E-5E1D-4972-9A5D-B7F51A5885ED}.Debug|Any CPU.Build.0 = Debug|Any CPU
		{816FF51E-5E1D-4972-9A5D-B7F51A5885ED}.Release|Any CPU.ActiveCfg = Release|Any CPU
		{816FF51E-5E1D-4972-9A5D-B7F51A5885ED}.Release|Any CPU.Build.0 = Release|Any CPU
		{B64619E8-11D2-4AD7-9250-F54BF83717FE}.Debug|Any CPU.ActiveCfg = Debug|Any CPU
		{B64619E8-11D2-4AD7-9250-F54BF83717FE}.Debug|Any CPU.Build.0 = Debug|Any CPU
		{B64619E8-11D2-4AD7-9250-F54BF83717FE}.Release|Any CPU.ActiveCfg = Release|Any CPU
		{B64619E8-11D2-4AD7-9250-F54BF83717FE}.Release|Any CPU.Build.0 = Release|Any CPU
		{F245151A-1749-4D61-8B3C-AA7391D04E30}.Debug|Any CPU.ActiveCfg = Debug|Any CPU
		{F245151A-1749-4D61-8B3C-AA7391D04E30}.Debug|Any CPU.Build.0 = Debug|Any CPU
		{F245151A-1749-4D61-8B3C-AA7391D04E30}.Release|Any CPU.ActiveCfg = Release|Any CPU
		{F245151A-1749-4D61-8B3C-AA7391D04E30}.Release|Any CPU.Build.0 = Release|Any CPU
	EndGlobalSection
	GlobalSection(SolutionProperties) = preSolution
		HideSolutionNode = FALSE
	EndGlobalSection
	GlobalSection(NestedProjects) = preSolution
		{B90AAE63-5E24-4220-BDD3-D36D71800242} = {87C9B5BA-EF3D-433A-A317-7C49059BFB32}
		{32062EDD-4D42-4F88-9B3B-81174F30B83D} = {A06199D4-AB39-4622-98E6-039F87CB399B}
		{816FF51E-5E1D-4972-9A5D-B7F51A5885ED} = {20410279-9073-467A-B573-DB643809A1C5}
		{B64619E8-11D2-4AD7-9250-F54BF83717FE} = {A77CED44-287D-4667-A79A-772F282A5E2D}
		{F245151A-1749-4D61-8B3C-AA7391D04E30} = {A77CED44-287D-4667-A79A-772F282A5E2D}
	EndGlobalSection
	GlobalSection(ExtensibilityGlobals) = postSolution
		SolutionGuid = {08A268F4-A145-4DFA-9775-CEA8C0BEEF99}
	EndGlobalSection
EndGlobal
